
Microsoft Visual Studio Solution File, Format Version 12.00
# Visual Studio Version 17
VisualStudioVersion = 17.12.35707.178 d17.12
MinimumVisualStudioVersion = 10.0.40219.1
Project("{FAE04EC0-301F-11D3-BF4B-00C04F79EFBC}") = "CheckMark1", "CheckMark1\CheckMark1.csproj", "{D1A0FE74-A69F-4C62-882D-A3F7246A3355}"
EndProject
Global
	GlobalSection(SolutionConfigurationPlatforms) = preSolution
		Debug|Any CPU = Debug|Any CPU
		Release|Any CPU = Release|Any CPU
	EndGlobalSection
	GlobalSection(ProjectConfigurationPlatforms) = postSolution
		{D1A0FE74-A69F-4C62-882D-A3F7246A3355}.Debug|Any CPU.ActiveCfg = Debug|Any CPU
		{D1A0FE74-A69F-4C62-882D-A3F7246A3355}.Debug|Any CPU.Build.0 = Debug|Any CPU
		{D1A0FE74-A69F-4C62-882D-A3F7246A3355}.Release|Any CPU.ActiveCfg = Release|Any CPU
		{D1A0FE74-A69F-4C62-882D-A3F7246A3355}.Release|Any CPU.Build.0 = Release|Any CPU
	EndGlobalSection
	GlobalSection(SolutionProperties) = preSolution
		HideSolutionNode = FALSE
	EndGlobalSection
EndGlobal
